
Microsoft Visual Studio Solution File, Format Version 12.00
# Visual Studio Version 17
VisualStudioVersion = 17.0.31903.59
MinimumVisualStudioVersion = 10.0.40219.1
Project("{FAE04EC0-301F-11D3-BF4B-00C04F79EFBC}") = "GatewayService.AccountCharge.Api", "GatewayService.AccountCharge.Api\GatewayService.AccountCharge.Api.csproj", "{790EB2B2-0A5E-4F1D-ABF8-124BC23B7BE0}"
EndProject
Project("{FAE04EC0-301F-11D3-BF4B-00C04F79EFBC}") = "GatewayService.AccountCharge.Domain", "GatewayService.AccountCharge.Domain\GatewayService.AccountCharge.Domain.csproj", "{5846596F-346C-4655-8EF6-573021DE9C61}"
EndProject
Project("{FAE04EC0-301F-11D3-BF4B-00C04F79EFBC}") = "GatewayService.AccountCharge.Application", "GatewayService.AccountCharge.Application\GatewayService.AccountCharge.Application.csproj", "{40C27A72-AED8-46B6-A58F-0DD743AEE079}"
EndProject
Project("{FAE04EC0-301F-11D3-BF4B-00C04F79EFBC}") = "GatewayService.AccountCharge.Infrastructure", "GatewayService.AccountCharge.Infrastructure\GatewayService.AccountCharge.Infrastructure.csproj", "{CC4EEDE6-CB67-43FF-9749-FCD1F99012B4}"
EndProject
Project("{2150E333-8FDC-42A3-9474-1A3956D46DE8}") = "Solution Items", "Solution Items", "{8EC462FD-D22E-90A8-E5CE-7E832BA40C5D}"
	ProjectSection(SolutionItems) = preProject
		.dockerignore = .dockerignore
		.gitignore = .gitignore
		docker-compose.yml = docker-compose.yml
		Dockerfile = Dockerfile
	EndProjectSection
EndProject
Project("{FAE04EC0-301F-11D3-BF4B-00C04F79EFBC}") = "SharedMessaging", "SharedMessaging\SharedMessaging.csproj", "{1AC46FD4-9D5F-3EEA-CB37-D58437014C7F}"
EndProject
Project("{FAE04EC0-301F-11D3-BF4B-00C04F79EFBC}") = "SharedMessaging.Contracts", "SharedMessaging.Contracts\SharedMessaging.Contracts.csproj", "{DAD1E8CF-1C74-4FCA-49A7-962744698721}"
EndProject
Global
	GlobalSection(SolutionConfigurationPlatforms) = preSolution
		Debug|Any CPU = Debug|Any CPU
		Debug|x64 = Debug|x64
		Debug|x86 = Debug|x86
		Release|Any CPU = Release|Any CPU
		Release|x64 = Release|x64
		Release|x86 = Release|x86
	EndGlobalSection
	GlobalSection(ProjectConfigurationPlatforms) = postSolution
		{790EB2B2-0A5E-4F1D-ABF8-124BC23B7BE0}.Debug|Any CPU.ActiveCfg = Debug|Any CPU
		{790EB2B2-0A5E-4F1D-ABF8-124BC23B7BE0}.Debug|Any CPU.Build.0 = Debug|Any CPU
		{790EB2B2-0A5E-4F1D-ABF8-124BC23B7BE0}.Debug|x64.ActiveCfg = Debug|Any CPU
		{790EB2B2-0A5E-4F1D-ABF8-124BC23B7BE0}.Debug|x64.Build.0 = Debug|Any CPU
		{790EB2B2-0A5E-4F1D-ABF8-124BC23B7BE0}.Debug|x86.ActiveCfg = Debug|Any CPU
		{790EB2B2-0A5E-4F1D-ABF8-124BC23B7BE0}.Debug|x86.Build.0 = Debug|Any CPU
		{790EB2B2-0A5E-4F1D-ABF8-124BC23B7BE0}.Release|Any CPU.ActiveCfg = Release|Any CPU
		{790EB2B2-0A5E-4F1D-ABF8-124BC23B7BE0}.Release|Any CPU.Build.0 = Release|Any CPU
		{790EB2B2-0A5E-4F1D-ABF8-124BC23B7BE0}.Release|x64.ActiveCfg = Release|Any CPU
		{790EB2B2-0A5E-4F1D-ABF8-124BC23B7BE0}.Release|x64.Build.0 = Release|Any CPU
		{790EB2B2-0A5E-4F1D-ABF8-124BC23B7BE0}.Release|x86.ActiveCfg = Release|Any CPU
		{790EB2B2-0A5E-4F1D-ABF8-124BC23B7BE0}.Release|x86.Build.0 = Release|Any CPU
		{5846596F-346C-4655-8EF6-573021DE9C61}.Debug|Any CPU.ActiveCfg = Debug|Any CPU
		{5846596F-346C-4655-8EF6-573021DE9C61}.Debug|Any CPU.Build.0 = Debug|Any CPU
		{5846596F-346C-4655-8EF6-573021DE9C61}.Debug|x64.ActiveCfg = Debug|Any CPU
		{5846596F-346C-4655-8EF6-573021DE9C61}.Debug|x64.Build.0 = Debug|Any CPU
		{5846596F-346C-4655-8EF6-573021DE9C61}.Debug|x86.ActiveCfg = Debug|Any CPU
		{5846596F-346C-4655-8EF6-573021DE9C61}.Debug|x86.Build.0 = Debug|Any CPU
		{5846596F-346C-4655-8EF6-573021DE9C61}.Release|Any CPU.ActiveCfg = Release|Any CPU
		{5846596F-346C-4655-8EF6-573021DE9C61}.Release|Any CPU.Build.0 = Release|Any CPU
		{5846596F-346C-4655-8EF6-573021DE9C61}.Release|x64.ActiveCfg = Release|Any CPU
		{5846596F-346C-4655-8EF6-573021DE9C61}.Release|x64.Build.0 = Release|Any CPU
		{5846596F-346C-4655-8EF6-573021DE9C61}.Release|x86.ActiveCfg = Release|Any CPU
		{5846596F-346C-4655-8EF6-573021DE9C61}.Release|x86.Build.0 = Release|Any CPU
		{40C27A72-AED8-46B6-A58F-0DD743AEE079}.Debug|Any CPU.ActiveCfg = Debug|Any CPU
		{40C27A72-AED8-46B6-A58F-0DD743AEE079}.Debug|Any CPU.Build.0 = Debug|Any CPU
		{40C27A72-AED8-46B6-A58F-0DD743AEE079}.Debug|x64.ActiveCfg = Debug|Any CPU
		{40C27A72-AED8-46B6-A58F-0DD743AEE079}.Debug|x64.Build.0 = Debug|Any CPU
		{40C27A72-AED8-46B6-A58F-0DD743AEE079}.Debug|x86.ActiveCfg = Debug|Any CPU
		{40C27A72-AED8-46B6-A58F-0DD743AEE079}.Debug|x86.Build.0 = Debug|Any CPU
		{40C27A72-AED8-46B6-A58F-0DD743AEE079}.Release|Any CPU.ActiveCfg = Release|Any CPU
		{40C27A72-AED8-46B6-A58F-0DD743AEE079}.Release|Any CPU.Build.0 = Release|Any CPU
		{40C27A72-AED8-46B6-A58F-0DD743AEE079}.Release|x64.ActiveCfg = Release|Any CPU
		{40C27A72-AED8-46B6-A58F-0DD743AEE079}.Release|x64.Build.0 = Release|Any CPU
		{40C27A72-AED8-46B6-A58F-0DD743AEE079}.Release|x86.ActiveCfg = Release|Any CPU
		{40C27A72-AED8-46B6-A58F-0DD743AEE079}.Release|x86.Build.0 = Release|Any CPU
		{CC4EEDE6-CB67-43FF-9749-FCD1F99012B4}.Debug|Any CPU.ActiveCfg = Debug|Any CPU
		{CC4EEDE6-CB67-43FF-9749-FCD1F99012B4}.Debug|Any CPU.Build.0 = Debug|Any CPU
		{CC4EEDE6-CB67-43FF-9749-FCD1F99012B4}.Debug|x64.ActiveCfg = Debug|Any CPU
		{CC4EEDE6-CB67-43FF-9749-FCD1F99012B4}.Debug|x64.Build.0 = Debug|Any CPU
		{CC4EEDE6-CB67-43FF-9749-FCD1F99012B4}.Debug|x86.ActiveCfg = Debug|Any CPU
		{CC4EEDE6-CB67-43FF-9749-FCD1F99012B4}.Debug|x86.Build.0 = Debug|Any CPU
		{CC4EEDE6-CB67-43FF-9749-FCD1F99012B4}.Release|Any CPU.ActiveCfg = Release|Any CPU
		{CC4EEDE6-CB67-43FF-9749-FCD1F99012B4}.Release|Any CPU.Build.0 = Release|Any CPU
		{CC4EEDE6-CB67-43FF-9749-FCD1F99012B4}.Release|x64.ActiveCfg = Release|Any CPU
		{CC4EEDE6-CB67-43FF-9749-FCD1F99012B4}.Release|x64.Build.0 = Release|Any CPU
		{CC4EEDE6-CB67-43FF-9749-FCD1F99012B4}.Release|x86.ActiveCfg = Release|Any CPU
		{CC4EEDE6-CB67-43FF-9749-FCD1F99012B4}.Release|x86.Build.0 = Release|Any CPU
		{1AC46FD4-9D5F-3EEA-CB37-D58437014C7F}.Debug|Any CPU.ActiveCfg = Debug|Any CPU
		{1AC46FD4-9D5F-3EEA-CB37-D58437014C7F}.Debug|Any CPU.Build.0 = Debug|Any CPU
		{1AC46FD4-9D5F-3EEA-CB37-D58437014C7F}.Debug|x64.ActiveCfg = Debug|Any CPU
		{1AC46FD4-9D5F-3EEA-CB37-D58437014C7F}.Debug|x64.Build.0 = Debug|Any CPU
		{1AC46FD4-9D5F-3EEA-CB37-D58437014C7F}.Debug|x86.ActiveCfg = Debug|Any CPU
		{1AC46FD4-9D5F-3EEA-CB37-D58437014C7F}.Debug|x86.Build.0 = Debug|Any CPU
		{1AC46FD4-9D5F-3EEA-CB37-D58437014C7F}.Release|Any CPU.ActiveCfg = Release|Any CPU
		{1AC46FD4-9D5F-3EEA-CB37-D58437014C7F}.Release|Any CPU.Build.0 = Release|Any CPU
		{1AC46FD4-9D5F-3EEA-CB37-D58437014C7F}.Release|x64.ActiveCfg = Release|Any CPU
		{1AC46FD4-9D5F-3EEA-CB37-D58437014C7F}.Release|x64.Build.0 = Release|Any CPU
		{1AC46FD4-9D5F-3EEA-CB37-D58437014C7F}.Release|x86.ActiveCfg = Release|Any CPU
		{1AC46FD4-9D5F-3EEA-CB37-D58437014C7F}.Release|x86.Build.0 = Release|Any CPU
		{DAD1E8CF-1C74-4FCA-49A7-962744698721}.Debug|Any CPU.ActiveCfg = Debug|Any CPU
		{DAD1E8CF-1C74-4FCA-49A7-962744698721}.Debug|Any CPU.Build.0 = Debug|Any CPU
		{DAD1E8CF-1C74-4FCA-49A7-962744698721}.Debug|x64.ActiveCfg = Debug|Any CPU
		{DAD1E8CF-1C74-4FCA-49A7-962744698721}.Debug|x64.Build.0 = Debug|Any CPU
		{DAD1E8CF-1C74-4FCA-49A7-962744698721}.Debug|x86.ActiveCfg = Debug|Any CPU
		{DAD1E8CF-1C74-4FCA-49A7-962744698721}.Debug|x86.Build.0 = Debug|Any CPU
		{DAD1E8CF-1C74-4FCA-49A7-962744698721}.Release|Any CPU.ActiveCfg = Release|Any CPU
		{DAD1E8CF-1C74-4FCA-49A7-962744698721}.Release|Any CPU.Build.0 = Release|Any CPU
		{DAD1E8CF-1C74-4FCA-49A7-962744698721}.Release|x64.ActiveCfg = Release|Any CPU
		{DAD1E8CF-1C74-4FCA-49A7-962744698721}.Release|x64.Build.0 = Release|Any CPU
		{DAD1E8CF-1C74-4FCA-49A7-962744698721}.Release|x86.ActiveCfg = Release|Any CPU
		{DAD1E8CF-1C74-4FCA-49A7-962744698721}.Release|x86.Build.0 = Release|Any CPU
	EndGlobalSection
	GlobalSection(SolutionProperties) = preSolution
		HideSolutionNode = FALSE
	EndGlobalSection
	GlobalSection(ExtensibilityGlobals) = postSolution
		SolutionGuid = {B28B4BD8-C793-4C3E-8B75-407E8AE724F6}
	EndGlobalSection
EndGlobal
