
Microsoft Visual Studio Solution File, Format Version 12.00
# Visual Studio Version 17
VisualStudioVersion = 17.0.31903.59
MinimumVisualStudioVersion = 10.0.40219.1
Project("{FAE04EC0-301F-11D3-BF4B-00C04F79EFBC}") = "GatewayService.AccountCharge.Api", "GatewayService.AccountCharge.Api\GatewayService.AccountCharge.Api.csproj", "{790EB2B2-0A5E-4F1D-ABF8-124BC23B7BE0}"
EndProject
Project("{FAE04EC0-301F-11D3-BF4B-00C04F79EFBC}") = "GatewayService.AccountCharge.Domain", "GatewayService.AccountCharge.Domain\GatewayService.AccountCharge.Domain.csproj", "{5846596F-346C-4655-8EF6-573021DE9C61}"
EndProject
Project("{FAE04EC0-301F-11D3-BF4B-00C04F79EFBC}") = "GatewayService.AccountCharge.Application", "GatewayService.AccountCharge.Application\GatewayService.AccountCharge.Application.csproj", "{40C27A72-AED8-46B6-A58F-0DD743AEE079}"
EndProject
Project("{FAE04EC0-301F-11D3-BF4B-00C04F79EFBC}") = "GatewayService.AccountCharge.Infrastructure", "GatewayService.AccountCharge.Infrastructure\GatewayService.AccountCharge.Infrastructure.csproj", "{CC4EEDE6-CB67-43FF-9749-FCD1F99012B4}"
EndProject
Project("{FAE04EC0-301F-11D3-BF4B-00C04F79EFBC}") = "SharedMessaging.Contracts", "..\EventDrivenModule\SharedMessaging.Contracts\SharedMessaging.Contracts.csproj", "{D3C2A28B-0E96-91A7-73C1-B3B288722549}"
EndProject
Project("{FAE04EC0-301F-11D3-BF4B-00C04F79EFBC}") = "SharedMessaging", "..\EventDrivenModule\src\SharedMessaging\SharedMessaging.csproj", "{5ADA9BBE-58B5-F802-5E92-D06252E26438}"
EndProject
Global
	GlobalSection(SolutionConfigurationPlatforms) = preSolution
		Debug|Any CPU = Debug|Any CPU
		Debug|x64 = Debug|x64
		Debug|x86 = Debug|x86
		Release|Any CPU = Release|Any CPU
		Release|x64 = Release|x64
		Release|x86 = Release|x86
	EndGlobalSection
	GlobalSection(ProjectConfigurationPlatforms) = postSolution
		{790EB2B2-0A5E-4F1D-ABF8-124BC23B7BE0}.Debug|Any CPU.ActiveCfg = Debug|Any CPU
		{790EB2B2-0A5E-4F1D-ABF8-124BC23B7BE0}.Debug|Any CPU.Build.0 = Debug|Any CPU
		{790EB2B2-0A5E-4F1D-ABF8-124BC23B7BE0}.Debug|x64.ActiveCfg = Debug|Any CPU
		{790EB2B2-0A5E-4F1D-ABF8-124BC23B7BE0}.Debug|x64.Build.0 = Debug|Any CPU
		{790EB2B2-0A5E-4F1D-ABF8-124BC23B7BE0}.Debug|x86.ActiveCfg = Debug|Any CPU
		{790EB2B2-0A5E-4F1D-ABF8-124BC23B7BE0}.Debug|x86.Build.0 = Debug|Any CPU
		{790EB2B2-0A5E-4F1D-ABF8-124BC23B7BE0}.Release|Any CPU.ActiveCfg = Release|Any CPU
		{790EB2B2-0A5E-4F1D-ABF8-124BC23B7BE0}.Release|Any CPU.Build.0 = Release|Any CPU
		{790EB2B2-0A5E-4F1D-ABF8-124BC23B7BE0}.Release|x64.ActiveCfg = Release|Any CPU
		{790EB2B2-0A5E-4F1D-ABF8-124BC23B7BE0}.Release|x64.Build.0 = Release|Any CPU
		{790EB2B2-0A5E-4F1D-ABF8-124BC23B7BE0}.Release|x86.ActiveCfg = Release|Any CPU
		{790EB2B2-0A5E-4F1D-ABF8-124BC23B7BE0}.Release|x86.Build.0 = Release|Any CPU
		{5846596F-346C-4655-8EF6-573021DE9C61}.Debug|Any CPU.ActiveCfg = Debug|Any CPU
		{5846596F-346C-4655-8EF6-573021DE9C61}.Debug|Any CPU.Build.0 = Debug|Any CPU
		{5846596F-346C-4655-8EF6-573021DE9C61}.Debug|x64.ActiveCfg = Debug|Any CPU
		{5846596F-346C-4655-8EF6-573021DE9C61}.Debug|x64.Build.0 = Debug|Any CPU
		{5846596F-346C-4655-8EF6-573021DE9C61}.Debug|x86.ActiveCfg = Debug|Any CPU
		{5846596F-346C-4655-8EF6-573021DE9C61}.Debug|x86.Build.0 = Debug|Any CPU
		{5846596F-346C-4655-8EF6-573021DE9C61}.Release|Any CPU.ActiveCfg = Release|Any CPU
		{5846596F-346C-4655-8EF6-573021DE9C61}.Release|Any CPU.Build.0 = Release|Any CPU
		{5846596F-346C-4655-8EF6-573021DE9C61}.Release|x64.ActiveCfg = Release|Any CPU
		{5846596F-346C-4655-8EF6-573021DE9C61}.Release|x64.Build.0 = Release|Any CPU
		{5846596F-346C-4655-8EF6-573021DE9C61}.Release|x86.ActiveCfg = Release|Any CPU
		{5846596F-346C-4655-8EF6-573021DE9C61}.Release|x86.Build.0 = Release|Any CPU
		{40C27A72-AED8-46B6-A58F-0DD743AEE079}.Debug|Any CPU.ActiveCfg = Debug|Any CPU
		{40C27A72-AED8-46B6-A58F-0DD743AEE079}.Debug|Any CPU.Build.0 = Debug|Any CPU
		{40C27A72-AED8-46B6-A58F-0DD743AEE079}.Debug|x64.ActiveCfg = Debug|Any CPU
		{40C27A72-AED8-46B6-A58F-0DD743AEE079}.Debug|x64.Build.0 = Debug|Any CPU
		{40C27A72-AED8-46B6-A58F-0DD743AEE079}.Debug|x86.ActiveCfg = Debug|Any CPU
		{40C27A72-AED8-46B6-A58F-0DD743AEE079}.Debug|x86.Build.0 = Debug|Any CPU
		{40C27A72-AED8-46B6-A58F-0DD743AEE079}.Release|Any CPU.ActiveCfg = Release|Any CPU
		{40C27A72-AED8-46B6-A58F-0DD743AEE079}.Release|Any CPU.Build.0 = Release|Any CPU
		{40C27A72-AED8-46B6-A58F-0DD743AEE079}.Release|x64.ActiveCfg = Release|Any CPU
		{40C27A72-AED8-46B6-A58F-0DD743AEE079}.Release|x64.Build.0 = Release|Any CPU
		{40C27A72-AED8-46B6-A58F-0DD743AEE079}.Release|x86.ActiveCfg = Release|Any CPU
		{40C27A72-AED8-46B6-A58F-0DD743AEE079}.Release|x86.Build.0 = Release|Any CPU
		{CC4EEDE6-CB67-43FF-9749-FCD1F99012B4}.Debug|Any CPU.ActiveCfg = Debug|Any CPU
		{CC4EEDE6-CB67-43FF-9749-FCD1F99012B4}.Debug|Any CPU.Build.0 = Debug|Any CPU
		{CC4EEDE6-CB67-43FF-9749-FCD1F99012B4}.Debug|x64.ActiveCfg = Debug|Any CPU
		{CC4EEDE6-CB67-43FF-9749-FCD1F99012B4}.Debug|x64.Build.0 = Debug|Any CPU
		{CC4EEDE6-CB67-43FF-9749-FCD1F99012B4}.Debug|x86.ActiveCfg = Debug|Any CPU
		{CC4EEDE6-CB67-43FF-9749-FCD1F99012B4}.Debug|x86.Build.0 = Debug|Any CPU
		{CC4EEDE6-CB67-43FF-9749-FCD1F99012B4}.Release|Any CPU.ActiveCfg = Release|Any CPU
		{CC4EEDE6-CB67-43FF-9749-FCD1F99012B4}.Release|Any CPU.Build.0 = Release|Any CPU
		{CC4EEDE6-CB67-43FF-9749-FCD1F99012B4}.Release|x64.ActiveCfg = Release|Any CPU
		{CC4EEDE6-CB67-43FF-9749-FCD1F99012B4}.Release|x64.Build.0 = Release|Any CPU
		{CC4EEDE6-CB67-43FF-9749-FCD1F99012B4}.Release|x86.ActiveCfg = Release|Any CPU
		{CC4EEDE6-CB67-43FF-9749-FCD1F99012B4}.Release|x86.Build.0 = Release|Any CPU
		{D3C2A28B-0E96-91A7-73C1-B3B288722549}.Debug|Any CPU.ActiveCfg = Debug|Any CPU
		{D3C2A28B-0E96-91A7-73C1-B3B288722549}.Debug|Any CPU.Build.0 = Debug|Any CPU
		{D3C2A28B-0E96-91A7-73C1-B3B288722549}.Debug|x64.ActiveCfg = Debug|Any CPU
		{D3C2A28B-0E96-91A7-73C1-B3B288722549}.Debug|x64.Build.0 = Debug|Any CPU
		{D3C2A28B-0E96-91A7-73C1-B3B288722549}.Debug|x86.ActiveCfg = Debug|Any CPU
		{D3C2A28B-0E96-91A7-73C1-B3B288722549}.Debug|x86.Build.0 = Debug|Any CPU
		{D3C2A28B-0E96-91A7-73C1-B3B288722549}.Release|Any CPU.ActiveCfg = Release|Any CPU
		{D3C2A28B-0E96-91A7-73C1-B3B288722549}.Release|Any CPU.Build.0 = Release|Any CPU
		{D3C2A28B-0E96-91A7-73C1-B3B288722549}.Release|x64.ActiveCfg = Release|Any CPU
		{D3C2A28B-0E96-91A7-73C1-B3B288722549}.Release|x64.Build.0 = Release|Any CPU
		{D3C2A28B-0E96-91A7-73C1-B3B288722549}.Release|x86.ActiveCfg = Release|Any CPU
		{D3C2A28B-0E96-91A7-73C1-B3B288722549}.Release|x86.Build.0 = Release|Any CPU
		{5ADA9BBE-58B5-F802-5E92-D06252E26438}.Debug|Any CPU.ActiveCfg = Debug|Any CPU
		{5ADA9BBE-58B5-F802-5E92-D06252E26438}.Debug|Any CPU.Build.0 = Debug|Any CPU
		{5ADA9BBE-58B5-F802-5E92-D06252E26438}.Debug|x64.ActiveCfg = Debug|Any CPU
		{5ADA9BBE-58B5-F802-5E92-D06252E26438}.Debug|x64.Build.0 = Debug|Any CPU
		{5ADA9BBE-58B5-F802-5E92-D06252E26438}.Debug|x86.ActiveCfg = Debug|Any CPU
		{5ADA9BBE-58B5-F802-5E92-D06252E26438}.Debug|x86.Build.0 = Debug|Any CPU
		{5ADA9BBE-58B5-F802-5E92-D06252E26438}.Release|Any CPU.ActiveCfg = Release|Any CPU
		{5ADA9BBE-58B5-F802-5E92-D06252E26438}.Release|Any CPU.Build.0 = Release|Any CPU
		{5ADA9BBE-58B5-F802-5E92-D06252E26438}.Release|x64.ActiveCfg = Release|Any CPU
		{5ADA9BBE-58B5-F802-5E92-D06252E26438}.Release|x64.Build.0 = Release|Any CPU
		{5ADA9BBE-58B5-F802-5E92-D06252E26438}.Release|x86.ActiveCfg = Release|Any CPU
		{5ADA9BBE-58B5-F802-5E92-D06252E26438}.Release|x86.Build.0 = Release|Any CPU
	EndGlobalSection
	GlobalSection(SolutionProperties) = preSolution
		HideSolutionNode = FALSE
	EndGlobalSection
EndGlobal
